
Microsoft Visual Studio Solution File, Format Version 12.00
# Visual Studio Version 16
VisualStudioVersion = 16.0.30517.126
MinimumVisualStudioVersion = 10.0.40219.1
Project("{FAE04EC0-301F-11D3-BF4B-00C04F79EFBC}") = "My Power its big", "My Power its big\My Power its big.csproj", "{BBF114E5-3493-4EC1-BC5E-82676E10FDF4}"
EndProject
Global
	GlobalSection(SolutionConfigurationPlatforms) = preSolution
		Debug|Any CPU = Debug|Any CPU
		Release|Any CPU = Release|Any CPU
	EndGlobalSection
	GlobalSection(ProjectConfigurationPlatforms) = postSolution
		{BBF114E5-3493-4EC1-BC5E-82676E10FDF4}.Debug|Any CPU.ActiveCfg = Debug|Any CPU
		{BBF114E5-3493-4EC1-BC5E-82676E10FDF4}.Debug|Any CPU.Build.0 = Debug|Any CPU
		{BBF114E5-3493-4EC1-BC5E-82676E10FDF4}.Release|Any CPU.ActiveCfg = Release|Any CPU
		{BBF114E5-3493-4EC1-BC5E-82676E10FDF4}.Release|Any CPU.Build.0 = Release|Any CPU
	EndGlobalSection
	GlobalSection(SolutionProperties) = preSolution
		HideSolutionNode = FALSE
	EndGlobalSection
	GlobalSection(ExtensibilityGlobals) = postSolution
		SolutionGuid = {D9BE7B6A-0864-46A5-92E7-A16CF99C22C5}
	EndGlobalSection
EndGlobal
